{
  "originHash" : "6939ac1b8c51498d2eaf7bb2b948b2a894ee63bfefd6f266b0e31be75f062c77",
  "pins" : [
    {
      "identity" : "licenselist",
      "kind" : "remoteSourceControl",
      "location" : "https://github.com/cybozu/LicenseList.git",
      "state" : {
        "revision" : "56f1b5724138e4d9f60453b555edc80e43805503",
        "version" : "2.2.0"
      }
    },
    {
      "identity" : "swift-log",
      "kind" : "remoteSourceControl",
      "location" : "https://github.com/apple/swift-log.git",
      "state" : {
        "revision" : "bbd81b6725ae874c69e9b8c8804d462356b55523",
        "version" : "1.10.1"
      }
    },
    {
      "identity" : "webui",
      "kind" : "remoteSourceControl",
      "location" : "https://github.com/cybozu/WebUI.git",
      "state" : {
        "revision" : "a7bdade767f8474d80b034bf0d758f6d8559e4ce",
        "version" : "4.4.0"
      }
    }
  ],
  "version" : 3
}
